
Microsoft Visual Studio Solution File, Format Version 12.00
# Visual Studio Version 17
VisualStudioVersion = 17.1.32414.318
MinimumVisualStudioVersion = 10.0.40219.1
Project("{8BC9CEB8-8B4A-11D0-8D11-00A0C91BC942}") = "Client", "Client\Client.vcxproj", "{A5ADF029-2150-4268-8EF4-8ADB38829C3F}"
EndProject
Project("{8BC9CEB8-8B4A-11D0-8D11-00A0C91BC942}") = "Server", "Server\Server.vcxproj", "{4EFB8A74-B519-45CF-8C2B-91F0C9E353B3}"
EndProject
Global
	GlobalSection(SolutionConfigurationPlatforms) = preSolution
		Debug|x64 = Debug|x64
		Debug|x86 = Debug|x86
		Release|x64 = Release|x64
		Release|x86 = Release|x86
	EndGlobalSection
	GlobalSection(ProjectConfigurationPlatforms) = postSolution
		{A5ADF029-2150-4268-8EF4-8ADB38829C3F}.Debug|x64.ActiveCfg = Debug|Win32
		{A5ADF029-2150-4268-8EF4-8ADB38829C3F}.Debug|x64.Build.0 = Debug|Win32
		{A5ADF029-2150-4268-8EF4-8ADB38829C3F}.Debug|x86.ActiveCfg = Debug|Win32
		{A5ADF029-2150-4268-8EF4-8ADB38829C3F}.Debug|x86.Build.0 = Debug|Win32
		{A5ADF029-2150-4268-8EF4-8ADB38829C3F}.Release|x64.ActiveCfg = Release|Win32
		{A5ADF029-2150-4268-8EF4-8ADB38829C3F}.Release|x64.Build.0 = Release|Win32
		{A5ADF029-2150-4268-8EF4-8ADB38829C3F}.Release|x86.ActiveCfg = Release|Win32
		{A5ADF029-2150-4268-8EF4-8ADB38829C3F}.Release|x86.Build.0 = Release|Win32
		{4EFB8A74-B519-45CF-8C2B-91F0C9E353B3}.Debug|x64.ActiveCfg = Debug|x64
		{4EFB8A74-B519-45CF-8C2B-91F0C9E353B3}.Debug|x64.Build.0 = Debug|x64
		{4EFB8A74-B519-45CF-8C2B-91F0C9E353B3}.Debug|x86.ActiveCfg = Debug|Win32
		{4EFB8A74-B519-45CF-8C2B-91F0C9E353B3}.Debug|x86.Build.0 = Debug|Win32
		{4EFB8A74-B519-45CF-8C2B-91F0C9E353B3}.Release|x64.ActiveCfg = Release|x64
		{4EFB8A74-B519-45CF-8C2B-91F0C9E353B3}.Release|x64.Build.0 = Release|x64
		{4EFB8A74-B519-45CF-8C2B-91F0C9E353B3}.Release|x86.ActiveCfg = Release|Win32
		{4EFB8A74-B519-45CF-8C2B-91F0C9E353B3}.Release|x86.Build.0 = Release|Win32
	EndGlobalSection
	GlobalSection(SolutionProperties) = preSolution
		HideSolutionNode = FALSE
	EndGlobalSection
	GlobalSection(ExtensibilityGlobals) = postSolution
		SolutionGuid = {AC2157C4-FBA7-429A-B531-4961743F1562}
	EndGlobalSection
EndGlobal
